// !$*UTF8*$!
{
	archiveVersion = 1;
	classes = {
	};
	objectVersion = 50;
	objects = {

/* Begin PBXBuildFile section */
		076B88E22268AB1700ACAF3E /* AppDelegate.swift in Sources */ = {isa = PBXBuildFile; fileRef = 076B88E12268AB1700ACAF3E /* AppDelegate.swift */; };
		076B88E42268AB1700ACAF3E /* TableViewController.swift in Sources */ = {isa = PBXBuildFile; fileRef = 076B88E32268AB1700ACAF3E /* TableViewController.swift */; };
		076B88E72268AB1700ACAF3E /* Main.storyboard in Resources */ = {isa = PBXBuildFile; fileRef = 076B88E52268AB1700ACAF3E /* Main.storyboard */; };
		076B88E92268AB1900ACAF3E /* Assets.xcassets in Resources */ = {isa = PBXBuildFile; fileRef = 076B88E82268AB1900ACAF3E /* Assets.xcassets */; };
		076B88EC2268AB1900ACAF3E /* LaunchScreen.storyboard in Resources */ = {isa = PBXBuildFile; fileRef = 076B88EA2268AB1900ACAF3E /* LaunchScreen.storyboard */; };
		076B88F62268BB7200ACAF3E /* Country.swift in Sources */ = {isa = PBXBuildFile; fileRef = 076B88F52268BB7200ACAF3E /* Country.swift */; };
		076B88FA226900E200ACAF3E /* DetailViewController.swift in Sources */ = {isa = PBXBuildFile; fileRef = 076B88F9226900E200ACAF3E /* DetailViewController.swift */; };
/* End PBXBuildFile section */

/* Begin PBXFileReference section */
		076B88DE2268AB1700ACAF3E /* Day59.app */ = {isa = PBXFileReference; explicitFileType = wrapper.application; includeInIndex = 0; path = Day59.app; sourceTree = BUILT_PRODUCTS_DIR; };
		076B88E12268AB1700ACAF3E /* AppDelegate.swift */ = {isa = PBXFileReference; lastKnownFileType = sourcecode.swift; path = AppDelegate.swift; sourceTree = "<group>"; };
		076B88E32268AB1700ACAF3E /* TableViewController.swift */ = {isa = PBXFileReference; lastKnownFileType = sourcecode.swift; path = TableViewController.swift; sourceTree = "<group>"; };
		076B88E62268AB1700ACAF3E /* Base */ = {isa = PBXFileReference; lastKnownFileType = file.storyboard; name = Base; path = Base.lproj/Main.storyboard; sourceTree = "<group>"; };
		076B88E82268AB1900ACAF3E /* Assets.xcassets */ = {isa = PBXFileReference; lastKnownFileType = folder.assetcatalog; path = Assets.xcassets; sourceTree = "<group>"; };
		076B88EB2268AB1900ACAF3E /* Base */ = {isa = PBXFileReference; lastKnownFileType = file.storyboard; name = Base; path = Base.lproj/LaunchScreen.storyboard; sourceTree = "<group>"; };
		076B88ED2268AB1900ACAF3E /* Info.plist */ = {isa = PBXFileReference; lastKnownFileType = text.plist.xml; path = Info.plist; sourceTree = "<group>"; };
		076B88F52268BB7200ACAF3E /* Country.swift */ = {isa = PBXFileReference; lastKnownFileType = sourcecode.swift; path = Country.swift; sourceTree = "<group>"; };
		076B88F9226900E200ACAF3E /* DetailViewController.swift */ = {isa = PBXFileReference; lastKnownFileType = sourcecode.swift; path = DetailViewController.swift; sourceTree = "<group>"; };
/* End PBXFileReference section */

/* Begin PBXFrameworksBuildPhase section */
		076B88DB2268AB1700ACAF3E /* Frameworks */ = {
			isa = PBXFrameworksBuildPhase;
			buildActionMask = 2147483647;
			files = (
			);
			runOnlyForDeploymentPostprocessing = 0;
		};
/* End PBXFrameworksBuildPhase section */

/* Begin PBXGroup section */
		076B88D52268AB1700ACAF3E = {
			isa = PBXGroup;
			children = (
				076B88E02268AB1700ACAF3E /* Day59 */,
				076B88DF2268AB1700ACAF3E /* Products */,
			);
			sourceTree = "<group>";
		};
		076B88DF2268AB1700ACAF3E /* Products */ = {
			isa = PBXGroup;
			children = (
				076B88DE2268AB1700ACAF3E /* Day59.app */,
			);
			name = Products;
			sourceTree = "<group>";
		};
		076B88E02268AB1700ACAF3E /* Day59 */ = {
			isa = PBXGroup;
			children = (
				076B88E12268AB1700ACAF3E /* AppDelegate.swift */,
				076B88E32268AB1700ACAF3E /* TableViewController.swift */,
				076B88F9226900E200ACAF3E /* DetailViewController.swift */,
				076B88F52268BB7200ACAF3E /* Country.swift */,
				076B88E52268AB1700ACAF3E /* Main.storyboard */,
				076B88E82268AB1900ACAF3E /* Assets.xcassets */,
				076B88EA2268AB1900ACAF3E /* LaunchScreen.storyboard */,
				076B88ED2268AB1900ACAF3E /* Info.plist */,
			);
			path = Day59;
			sourceTree = "<group>";
		};
/* End PBXGroup section */

/* Begin PBXNativeTarget section */
		076B88DD2268AB1700ACAF3E /* Day59 */ = {
			isa = PBXNativeTarget;
			buildConfigurationList = 076B88F02268AB1900ACAF3E /* Build configuration list for PBXNativeTarget "Day59" */;
			buildPhases = (
				076B88DA2268AB1700ACAF3E /* Sources */,
				076B88DB2268AB1700ACAF3E /* Frameworks */,
				076B88DC2268AB1700ACAF3E /* Resources */,
			);
			buildRules = (
			);
			dependencies = (
			);
			name = Day59;
			productName = Day59;
			productReference = 076B88DE2268AB1700ACAF3E /* Day59.app */;
			productType = "com.apple.product-type.application";
		};
/* End PBXNativeTarget section */

/* Begin PBXProject section */
		076B88D62268AB1700ACAF3E /* Project object */ = {
			isa = PBXProject;
			attributes = {
				LastSwiftUpdateCheck = 1020;
				LastUpgradeCheck = 1020;
				ORGANIZATIONNAME = HenryNguyen;
				TargetAttributes = {
					076B88DD2268AB1700ACAF3E = {
						CreatedOnToolsVersion = 10.2;
					};
				};
			};
			buildConfigurationList = 076B88D92268AB1700ACAF3E /* Build configuration list for PBXProject "Day59" */;
			compatibilityVersion = "Xcode 9.3";
			developmentRegion = en;
			hasScannedForEncodings = 0;
			knownRegions = (
				en,
				Base,
			);
			mainGroup = 076B88D52268AB1700ACAF3E;
			productRefGroup = 076B88DF2268AB1700ACAF3E /* Products */;
			projectDirPath = "";
			projectRoot = "";
			targets = (
				076B88DD2268AB1700ACAF3E /* Day59 */,
			);
		};
/* End PBXProject section */

/* Begin PBXResourcesBuildPhase section */
		076B88DC2268AB1700ACAF3E /* Resources */ = {
			isa = PBXResourcesBuildPhase;
			buildActionMask = 2147483647;
			files = (
				076B88EC2268AB1900ACAF3E /* LaunchScreen.storyboard in Resources */,
				076B88E92268AB1900ACAF3E /* Assets.xcassets in Resources */,
				076B88E72268AB1700ACAF3E /* Main.storyboard in Resources */,
			);
			runOnlyForDeploymentPostprocessing = 0;
		};
/* End PBXResourcesBuildPhase section */

/* Begin PBXSourcesBuildPhase section */
		076B88DA2268AB1700ACAF3E /* Sources */ = {
			isa = PBXSourcesBuildPhase;
			buildActionMask = 2147483647;
			files = (
				076B88E42268AB1700ACAF3E /* TableViewController.swift in Sources */,
				076B88F62268BB7200ACAF3E /* Country.swift in Sources */,
				076B88E22268AB1700ACAF3E /* AppDelegate.swift in Sources */,
				076B88FA226900E200ACAF3E /* DetailViewController.swift in Sources */,
			);
			runOnlyForDeploymentPostprocessing = 0;
		};
/* End PBXSourcesBuildPhase section */

/* Begin PBXVariantGroup section */
		076B88E52268AB1700ACAF3E /* Main.storyboard */ = {
			isa = PBXVariantGroup;
			children = (
				076B88E62268AB1700ACAF3E /* Base */,
			);
			name = Main.storyboard;
			sourceTree = "<group>";
		};
		076B88EA2268AB1900ACAF3E /* LaunchScreen.storyboard */ = {
			isa = PBXVariantGroup;
			children = (
				076B88EB2268AB1900ACAF3E /* Base */,
			);
			name = LaunchScreen.storyboard;
			sourceTree = "<group>";
		};
/* End PBXVariantGroup section */

/* Begin XCBuildConfiguration section */
		076B88EE2268AB1900ACAF3E /* Debug */ = {
			isa = XCBuildConfiguration;
			buildSettings = {
				ALWAYS_SEARCH_USER_PATHS = NO;
				CLANG_ANALYZER_NONNULL = YES;
				CLANG_ANALYZER_NUMBER_OBJECT_CONVERSION = YES_AGGRESSIVE;
				CLANG_CXX_LANGUAGE_STANDARD = "gnu++14";
				CLANG_CXX_LIBRARY = "libc++";
				CLANG_ENABLE_MODULES = YES;
				CLANG_ENABLE_OBJC_ARC = YES;
				CLANG_ENABLE_OBJC_WEAK = YES;
				CLANG_WARN_BLOCK_CAPTURE_AUTORELEASING = YES;
				CLANG_WARN_BOOL_CONVERSION = YES;
				CLANG_WARN_COMMA = YES;
				CLANG_WARN_CONSTANT_CONVERSION = YES;
				CLANG_WARN_DEPRECATED_OBJC_IMPLEMENTATIONS = YES;
				CLANG_WARN_DIRECT_OBJC_ISA_USAGE = YES_ERROR;
				CLANG_WARN_DOCUMENTATION_COMMENTS = YES;
				CLANG_WARN_EMPTY_BODY = YES;
				CLANG_WARN_ENUM_CONVERSION = YES;
				CLANG_WARN_INFINITE_RECURSION = YES;
				CLANG_WARN_INT_CONVERSION = YES;
				CLANG_WARN_NON_LITERAL_NULL_CONVERSION = YES;
				CLANG_WARN_OBJC_IMPLICIT_RETAIN_SELF = YES;
				CLANG_WARN_OBJC_LITERAL_CONVERSION = YES;
				CLANG_WARN_OBJC_ROOT_CLASS = YES_ERROR;
				CLANG_WARN_RANGE_LOOP_ANALYSIS = YES;
				CLANG_WARN_STRICT_PROTOTYPES = YES;
				CLANG_WARN_SUSPICIOUS_MOVE = YES;
				CLANG_WARN_UNGUARDED_AVAILABILITY = YES_AGGRESSIVE;
				CLANG_WARN_UNREACHABLE_CODE = YES;
				CLANG_WARN__DUPLICATE_METHOD_MATCH = YES;
				CODE_SIGN_IDENTITY = "iPhone Developer";
				COPY_PHASE_STRIP = NO;
				DEBUG_INFORMATION_FORMAT = dwarf;
				ENABLE_STRICT_OBJC_MSGSEND = YES;
				ENABLE_TESTABILITY = YES;
				GCC_C_LANGUAGE_STANDARD = gnu11;
				GCC_DYNAMIC_NO_PIC = NO;
				GCC_NO_COMMON_BLOCKS = YES;
				GCC_OPTIMIZATION_LEVEL = 0;
				GCC_PREPROCESSOR_DEFINITIONS = (
					"DEBUG=1",
					"$(inherited)",
				);
				GCC_WARN_64_TO_32_BIT_CONVERSION = YES;
				GCC_WARN_ABOUT_RETURN_TYPE = YES_ERROR;
				GCC_WARN_UNDECLARED_SELECTOR = YES;
				GCC_WARN_UNINITIALIZED_AUTOS = YES_AGGRESSIVE;
				GCC_WARN_UNUSED_FUNCTION = YES;
				GCC_WARN_UNUSED_VARIABLE = YES;
				IPHONEOS_DEPLOYMENT_TARGET = 12.2;
				MTL_ENABLE_DEBUG_INFO = INCLUDE_SOURCE;
				MTL_FAST_MATH = YES;
				ONLY_ACTIVE_ARCH = YES;
				SDKROOT = iphoneos;
				SWIFT_ACTIVE_COMPILATION_CONDITIONS = DEBUG;
				SWIFT_OPTIMIZATION_LEVEL = "-Onone";
			};
			name = Debug;
		};
		076B88EF2268AB1900ACAF3E /* Release */ = {
			isa = XCBuildConfiguration;
			buildSettings = {
				ALWAYS_SEARCH_USER_PATHS = NO;
				CLANG_ANALYZER_NONNULL = YES;
				CLANG_ANALYZER_NUMBER_OBJECT_CONVERSION = YES_AGGRESSIVE;
				CLANG_CXX_LANGUAGE_STANDARD = "gnu++14";
				CLANG_CXX_LIBRARY = "libc++";
				CLANG_ENABLE_MODULES = YES;
				CLANG_ENABLE_OBJC_ARC = YES;
				CLANG_ENABLE_OBJC_WEAK = YES;
				CLANG_WARN_BLOCK_CAPTURE_AUTORELEASING = YES;
				CLANG_WARN_BOOL_CONVERSION = YES;
				CLANG_WARN_COMMA = YES;
				CLANG_WARN_CONSTANT_CONVERSION = YES;
				CLANG_WARN_DEPRECATED_OBJC_IMPLEMENTATIONS = YES;
				CLANG_WARN_DIRECT_OBJC_ISA_USAGE = YES_ERROR;
				CLANG_WARN_DOCUMENTATION_COMMENTS = YES;
				CLANG_WARN_EMPTY_BODY = YES;
				CLANG_WARN_ENUM_CONVERSION = YES;
				CLANG_WARN_INFINITE_RECURSION = YES;
				CLANG_WARN_INT_CONVERSION = YES;
				CLANG_WARN_NON_LITERAL_NULL_CONVERSION = YES;
				CLANG_WARN_OBJC_IMPLICIT_RETAIN_SELF = YES;
				CLANG_WARN_OBJC_LITERAL_CONVERSION = YES;
				CLANG_WARN_OBJC_ROOT_CLASS = YES_ERROR;
				CLANG_WARN_RANGE_LOOP_ANALYSIS = YES;
				CLANG_WARN_STRICT_PROTOTYPES = YES;
				CLANG_WARN_SUSPICIOUS_MOVE = YES;
				CLANG_WARN_UNGUARDED_AVAILABILITY = YES_AGGRESSIVE;
				CLANG_WARN_UNREACHABLE_CODE = YES;
				CLANG_WARN__DUPLICATE_METHOD_MATCH = YES;
				CODE_SIGN_IDENTITY = "iPhone Developer";
				COPY_PHASE_STRIP = NO;
				DEBUG_INFORMATION_FORMAT = "dwarf-with-dsym";
				ENABLE_NS_ASSERTIONS = NO;
				ENABLE_STRICT_OBJC_MSGSEND = YES;
				GCC_C_LANGUAGE_STANDARD = gnu11;
				GCC_NO_COMMON_BLOCKS = YES;
				GCC_WARN_64_TO_32_BIT_CONVERSION = YES;
				GCC_WARN_ABOUT_RETURN_TYPE = YES_ERROR;
				GCC_WARN_UNDECLARED_SELECTOR = YES;
				GCC_WARN_UNINITIALIZED_AUTOS = YES_AGGRESSIVE;
				GCC_WARN_UNUSED_FUNCTION = YES;
				GCC_WARN_UNUSED_VARIABLE = YES;
				IPHONEOS_DEPLOYMENT_TARGET = 12.2;
				MTL_ENABLE_DEBUG_INFO = NO;
				MTL_FAST_MATH = YES;
				SDKROOT = iphoneos;
				SWIFT_COMPILATION_MODE = wholemodule;
				SWIFT_OPTIMIZATION_LEVEL = "-O";
				VALIDATE_PRODUCT = YES;
			};
			name = Release;
		};
		076B88F12268AB1900ACAF3E /* Debug */ = {
			isa = XCBuildConfiguration;
			buildSettings = {
				ASSETCATALOG_COMPILER_APPICON_NAME = AppIcon;
				CODE_SIGN_STYLE = Automatic;
				DEVELOPMENT_TEAM = HNZKXLNFNX;
				INFOPLIST_FILE = Day59/Info.plist;
				LD_RUNPATH_SEARCH_PATHS = (
					"$(inherited)",
					"@executable_path/Frameworks",
				);
				PRODUCT_BUNDLE_IDENTIFIER = com.education.Day59;
				PRODUCT_NAME = "$(TARGET_NAME)";
				SWIFT_VERSION = 5.0;
				TARGETED_DEVICE_FAMILY = "1,2";
			};
			name = Debug;
		};
		076B88F22268AB1900ACAF3E /* Release */ = {
			isa = XCBuildConfiguration;
			buildSettings = {
				ASSETCATALOG_COMPILER_APPICON_NAME = AppIcon;
				CODE_SIGN_STYLE = Automatic;
				DEVELOPMENT_TEAM = HNZKXLNFNX;
				INFOPLIST_FILE = Day59/Info.plist;
				LD_RUNPATH_SEARCH_PATHS = (
					"$(inherited)",
					"@executable_path/Frameworks",
				);
				PRODUCT_BUNDLE_IDENTIFIER = com.education.Day59;
				PRODUCT_NAME = "$(TARGET_NAME)";
				SWIFT_VERSION = 5.0;
				TARGETED_DEVICE_FAMILY = "1,2";
			};
			name = Release;
		};
/* End XCBuildConfiguration section */

/* Begin XCConfigurationList section */
		076B88D92268AB1700ACAF3E /* Build configuration list for PBXProject "Day59" */ = {
			isa = XCConfigurationList;
			buildConfigurations = (
				076B88EE2268AB1900ACAF3E /* Debug */,
				076B88EF2268AB1900ACAF3E /* Release */,
			);
			defaultConfigurationIsVisible = 0;
			defaultConfigurationName = Release;
		};
		076B88F02268AB1900ACAF3E /* Build configuration list for PBXNativeTarget "Day59" */ = {
			isa = XCConfigurationList;
			buildConfigurations = (
				076B88F12268AB1900ACAF3E /* Debug */,
				076B88F22268AB1900ACAF3E /* Release */,
			);
			defaultConfigurationIsVisible = 0;
			defaultConfigurationName = Release;
		};
/* End XCConfigurationList section */
	};
	rootObject = 076B88D62268AB1700ACAF3E /* Project object */;
}
